
Microsoft Visual Studio Solution File, Format Version 12.00
# Visual Studio Version 17
VisualStudioVersion = 17.9.34728.123
MinimumVisualStudioVersion = 10.0.40219.1
Project("{FAE04EC0-301F-11D3-BF4B-00C04F79EFBC}") = "Lab_4-1_GUI", "Lab_4-1_GUI\Lab_4-1_GUI.csproj", "{009A9230-52EC-4EB5-B1B9-8D7D0411A6D3}"
EndProject
Global
	GlobalSection(SolutionConfigurationPlatforms) = preSolution
		Debug|Any CPU = Debug|Any CPU
		Release|Any CPU = Release|Any CPU
	EndGlobalSection
	GlobalSection(ProjectConfigurationPlatforms) = postSolution
		{009A9230-52EC-4EB5-B1B9-8D7D0411A6D3}.Debug|Any CPU.ActiveCfg = Debug|Any CPU
		{009A9230-52EC-4EB5-B1B9-8D7D0411A6D3}.Debug|Any CPU.Build.0 = Debug|Any CPU
		{009A9230-52EC-4EB5-B1B9-8D7D0411A6D3}.Release|Any CPU.ActiveCfg = Release|Any CPU
		{009A9230-52EC-4EB5-B1B9-8D7D0411A6D3}.Release|Any CPU.Build.0 = Release|Any CPU
	EndGlobalSection
	GlobalSection(SolutionProperties) = preSolution
		HideSolutionNode = FALSE
	EndGlobalSection
	GlobalSection(ExtensibilityGlobals) = postSolution
		SolutionGuid = {E2E05617-9E45-48F2-805C-395D20788AA6}
	EndGlobalSection
EndGlobal
